// !$*UTF8*$!
{
	archiveVersion = 1;
	classes = {
	};
	objectVersion = 63;
	objects = {

/* Begin PBXBuildFile section */
		1D393457885C6EBF5FC2BAA9 /* VisualIntelligenceMacApp.swift in Sources */ = {isa = PBXBuildFile; fileRef = A2834EB484744439A6950AA0 /* VisualIntelligenceMacApp.swift */; };
		27D493199A380BEAF86083A3 /* MacAppCommands.swift in Sources */ = {isa = PBXBuildFile; fileRef = 2C58A10685660FEA736D0482 /* MacAppCommands.swift */; };
		379B43E65B46A564F526E281 /* MacContentView.swift in Sources */ = {isa = PBXBuildFile; fileRef = 9E5D36B94D0A05A5C4908E60 /* MacContentView.swift */; };
		3EA3457F44F5B7439DCF5F73 /* DiverKit in Frameworks */ = {isa = PBXBuildFile; productRef = 54707156AA1B6D50A3E25A4D /* DiverKit */; };
		4CC3D1D95064F769EB858B20 /* DiverKit in Frameworks */ = {isa = PBXBuildFile; productRef = 5B609EED3F25F7EA8321B32F /* DiverKit */; };
		532600383DD31F419FA9223C /* ServiceManagement.framework in Frameworks */ = {isa = PBXBuildFile; fileRef = 7E41A577B63D4A2D5390609A /* ServiceManagement.framework */; };
		54AA860865FCDDE2DCE814B4 /* EdgeNodeOnboardingView.swift in Sources */ = {isa = PBXBuildFile; fileRef = C9D710365DF869C97E4CAF6F /* EdgeNodeOnboardingView.swift */; };
		5EC218B6FE753865CC203C5B /* EdgeNodeInstallService.swift in Sources */ = {isa = PBXBuildFile; fileRef = EACA0ADD62CC3A588AA6495C /* EdgeNodeInstallService.swift */; };
		7F21F77228BDB911D847A6EB /* Assets.xcassets in Resources */ = {isa = PBXBuildFile; fileRef = 6FE0B057AE753644516843A8 /* Assets.xcassets */; };
		A1D2469F4098E8A12897DFE2 /* DiverShared in Frameworks */ = {isa = PBXBuildFile; productRef = E0C74270DEF6055306D13649 /* DiverShared */; };
		BFD1B0EE82EDD6F69B3F73EE /* VisualIntelligenceEdgeHelper.app in Resources */ = {isa = PBXBuildFile; fileRef = F842DD81817AD52BB75CE20E /* VisualIntelligenceEdgeHelper.app */; settings = {ATTRIBUTES = (CodeSignOnCopy, RemoveHeadersOnCopy, ); }; };
		C0C9BF13C22D292AE3921810 /* EdgeDaemonApp.swift in Sources */ = {isa = PBXBuildFile; fileRef = FF7FE3B270A31E27D2910346 /* EdgeDaemonApp.swift */; };
		C51766C698601329C1BC61EE /* KnowMapsModels_Mac.swift in Sources */ = {isa = PBXBuildFile; fileRef = AFD23772D0EE3B2E86414698 /* KnowMapsModels_Mac.swift */; };
		CFF9773D1F582F3D823A8801 /* MacSettingsView.swift in Sources */ = {isa = PBXBuildFile; fileRef = 892DB01B3A757DF1732F0192 /* MacSettingsView.swift */; };
		D04D03132FB102C5E0229DE6 /* MacIngestionService.swift in Sources */ = {isa = PBXBuildFile; fileRef = A1368A9A0DD2417A1F1DCC0E /* MacIngestionService.swift */; };
		FC79611997A74C8FA7749A01 /* DiverShared in Frameworks */ = {isa = PBXBuildFile; productRef = 342672D5EF37E5B9E36FA2AF /* DiverShared */; };
/* End PBXBuildFile section */

/* Begin PBXContainerItemProxy section */
		D872CE2B9F87743154C6FD74 /* PBXContainerItemProxy */ = {
			isa = PBXContainerItemProxy;
			containerPortal = 3BF4E395774127FC7616EF12 /* Project object */;
			proxyType = 1;
			remoteGlobalIDString = A46470A83E84A28C6D6BCE47;
			remoteInfo = VisualIntelligenceEdgeHelper;
		};
/* End PBXContainerItemProxy section */

/* Begin PBXFileReference section */
		1DD79B9541C19AF437EFFFA5 /* DiverKit */ = {isa = PBXFileReference; lastKnownFileType = folder; name = DiverKit; path = ../DiverKit; sourceTree = SOURCE_ROOT; };
		2C58A10685660FEA736D0482 /* MacAppCommands.swift */ = {isa = PBXFileReference; lastKnownFileType = sourcecode.swift; path = MacAppCommands.swift; sourceTree = "<group>"; };
		6FE0B057AE753644516843A8 /* Assets.xcassets */ = {isa = PBXFileReference; lastKnownFileType = folder.assetcatalog; path = Assets.xcassets; sourceTree = "<group>"; };
		7E41A577B63D4A2D5390609A /* ServiceManagement.framework */ = {isa = PBXFileReference; lastKnownFileType = wrapper.framework; name = ServiceManagement.framework; path = System/Library/Frameworks/ServiceManagement.framework; sourceTree = SDKROOT; };
		86D03CEA031D14603525CB6A /* Visual Intelligence.app */ = {isa = PBXFileReference; explicitFileType = wrapper.application; includeInIndex = 0; path = "Visual Intelligence.app"; sourceTree = BUILT_PRODUCTS_DIR; };
		892DB01B3A757DF1732F0192 /* MacSettingsView.swift */ = {isa = PBXFileReference; lastKnownFileType = sourcecode.swift; path = MacSettingsView.swift; sourceTree = "<group>"; };
		9E5D36B94D0A05A5C4908E60 /* MacContentView.swift */ = {isa = PBXFileReference; lastKnownFileType = sourcecode.swift; path = MacContentView.swift; sourceTree = "<group>"; };
		A1368A9A0DD2417A1F1DCC0E /* MacIngestionService.swift */ = {isa = PBXFileReference; lastKnownFileType = sourcecode.swift; path = MacIngestionService.swift; sourceTree = "<group>"; };
		A2834EB484744439A6950AA0 /* VisualIntelligenceMacApp.swift */ = {isa = PBXFileReference; lastKnownFileType = sourcecode.swift; path = VisualIntelligenceMacApp.swift; sourceTree = "<group>"; };
		AFD23772D0EE3B2E86414698 /* KnowMapsModels_Mac.swift */ = {isa = PBXFileReference; lastKnownFileType = sourcecode.swift; path = KnowMapsModels_Mac.swift; sourceTree = "<group>"; };
		C9D710365DF869C97E4CAF6F /* EdgeNodeOnboardingView.swift */ = {isa = PBXFileReference; lastKnownFileType = sourcecode.swift; path = EdgeNodeOnboardingView.swift; sourceTree = "<group>"; };
		D090F229E84124691231B2E9 /* DiverShared */ = {isa = PBXFileReference; lastKnownFileType = folder; name = DiverShared; path = ../DiverShared; sourceTree = SOURCE_ROOT; };
		EACA0ADD62CC3A588AA6495C /* EdgeNodeInstallService.swift */ = {isa = PBXFileReference; lastKnownFileType = sourcecode.swift; path = EdgeNodeInstallService.swift; sourceTree = "<group>"; };
		F842DD81817AD52BB75CE20E /* VisualIntelligenceEdgeHelper.app */ = {isa = PBXFileReference; explicitFileType = wrapper.application; includeInIndex = 0; path = VisualIntelligenceEdgeHelper.app; sourceTree = BUILT_PRODUCTS_DIR; };
		FF7FE3B270A31E27D2910346 /* EdgeDaemonApp.swift */ = {isa = PBXFileReference; lastKnownFileType = sourcecode.swift; path = EdgeDaemonApp.swift; sourceTree = "<group>"; };
/* End PBXFileReference section */

/* Begin PBXFrameworksBuildPhase section */
		28967EAD0494892DC1DD9D80 /* Frameworks */ = {
			isa = PBXFrameworksBuildPhase;
			buildActionMask = 2147483647;
			files = (
				3EA3457F44F5B7439DCF5F73 /* DiverKit in Frameworks */,
				FC79611997A74C8FA7749A01 /* DiverShared in Frameworks */,
			);
			runOnlyForDeploymentPostprocessing = 0;
		};
		444F3A524EFF89D9B178CD8B /* Frameworks */ = {
			isa = PBXFrameworksBuildPhase;
			buildActionMask = 2147483647;
			files = (
				4CC3D1D95064F769EB858B20 /* DiverKit in Frameworks */,
				A1D2469F4098E8A12897DFE2 /* DiverShared in Frameworks */,
				532600383DD31F419FA9223C /* ServiceManagement.framework in Frameworks */,
			);
			runOnlyForDeploymentPostprocessing = 0;
		};
/* End PBXFrameworksBuildPhase section */

/* Begin PBXGroup section */
		018A3ED47D086C6E3F8CD37B /* Services */ = {
			isa = PBXGroup;
			children = (
				EACA0ADD62CC3A588AA6495C /* EdgeNodeInstallService.swift */,
				A1368A9A0DD2417A1F1DCC0E /* MacIngestionService.swift */,
			);
			path = Services;
			sourceTree = "<group>";
		};
		239986100DC67D004CB7FA54 /* Packages */ = {
			isa = PBXGroup;
			children = (
				1DD79B9541C19AF437EFFFA5 /* DiverKit */,
				D090F229E84124691231B2E9 /* DiverShared */,
			);
			name = Packages;
			sourceTree = "<group>";
		};
		2DB6CBD4E58748B4CCDBFBFD /* Views */ = {
			isa = PBXGroup;
			children = (
				C9D710365DF869C97E4CAF6F /* EdgeNodeOnboardingView.swift */,
				9E5D36B94D0A05A5C4908E60 /* MacContentView.swift */,
				892DB01B3A757DF1732F0192 /* MacSettingsView.swift */,
			);
			path = Views;
			sourceTree = "<group>";
		};
		A9BC9B5A675D1C3B0898938F /* Frameworks */ = {
			isa = PBXGroup;
			children = (
				7E41A577B63D4A2D5390609A /* ServiceManagement.framework */,
			);
			name = Frameworks;
			sourceTree = "<group>";
		};
		AC4DC173A4264DEF8EE0A5F5 = {
			isa = PBXGroup;
			children = (
				239986100DC67D004CB7FA54 /* Packages */,
				E84E2123B364F36140152248 /* Sources */,
				F3B0662AC5326D4C2B083F52 /* VisualIntelligencePipelineDemo */,
				A9BC9B5A675D1C3B0898938F /* Frameworks */,
				FA3217FE4058624F238A24A1 /* Products */,
			);
			sourceTree = "<group>";
		};
		BADE5478EE201DCD7F78AE67 /* App */ = {
			isa = PBXGroup;
			children = (
				6FE0B057AE753644516843A8 /* Assets.xcassets */,
				AFD23772D0EE3B2E86414698 /* KnowMapsModels_Mac.swift */,
				2C58A10685660FEA736D0482 /* MacAppCommands.swift */,
				A2834EB484744439A6950AA0 /* VisualIntelligenceMacApp.swift */,
			);
			path = App;
			sourceTree = "<group>";
		};
		E5B56AA2EBBBA0166AB30CF9 /* EdgeDaemon */ = {
			isa = PBXGroup;
			children = (
				FF7FE3B270A31E27D2910346 /* EdgeDaemonApp.swift */,
			);
			path = EdgeDaemon;
			sourceTree = "<group>";
		};
		E84E2123B364F36140152248 /* Sources */ = {
			isa = PBXGroup;
			children = (
				BADE5478EE201DCD7F78AE67 /* App */,
				018A3ED47D086C6E3F8CD37B /* Services */,
				2DB6CBD4E58748B4CCDBFBFD /* Views */,
			);
			path = Sources;
			sourceTree = "<group>";
		};
		F3B0662AC5326D4C2B083F52 /* VisualIntelligencePipelineDemo */ = {
			isa = PBXGroup;
			children = (
				E5B56AA2EBBBA0166AB30CF9 /* EdgeDaemon */,
			);
			name = VisualIntelligencePipelineDemo;
			path = ..;
			sourceTree = "<group>";
		};
		FA3217FE4058624F238A24A1 /* Products */ = {
			isa = PBXGroup;
			children = (
				F842DD81817AD52BB75CE20E /* VisualIntelligenceEdgeHelper.app */,
				86D03CEA031D14603525CB6A /* Visual Intelligence.app */,
			);
			name = Products;
			sourceTree = "<group>";
		};
/* End PBXGroup section */

/* Begin PBXNativeTarget section */
		37EF435987B68CAE99C00722 /* VisualIntelligenceMac */ = {
			isa = PBXNativeTarget;
			buildConfigurationList = AE2DB298242DEB0BA05A0DCB /* Build configuration list for PBXNativeTarget "VisualIntelligenceMac" */;
			buildPhases = (
				DBDD228637895B88E433365B /* Sources */,
				54E2A50B7DD5F73C5BBB41B2 /* Resources */,
				444F3A524EFF89D9B178CD8B /* Frameworks */,
			);
			buildRules = (
			);
			dependencies = (
				EA94A8D9E7C8B48A6F0D04FB /* PBXTargetDependency */,
			);
			name = VisualIntelligenceMac;
			packageProductDependencies = (
				5B609EED3F25F7EA8321B32F /* DiverKit */,
				E0C74270DEF6055306D13649 /* DiverShared */,
			);
			productName = VisualIntelligenceMac;
			productReference = 86D03CEA031D14603525CB6A /* Visual Intelligence.app */;
			productType = "com.apple.product-type.application";
		};
		A46470A83E84A28C6D6BCE47 /* VisualIntelligenceEdgeHelper */ = {
			isa = PBXNativeTarget;
			buildConfigurationList = FBFB7BC94E1B51C87908D9DB /* Build configuration list for PBXNativeTarget "VisualIntelligenceEdgeHelper" */;
			buildPhases = (
				F69D2D23DAE0287D1445EE23 /* Sources */,
				28967EAD0494892DC1DD9D80 /* Frameworks */,
			);
			buildRules = (
			);
			dependencies = (
			);
			name = VisualIntelligenceEdgeHelper;
			packageProductDependencies = (
				54707156AA1B6D50A3E25A4D /* DiverKit */,
				342672D5EF37E5B9E36FA2AF /* DiverShared */,
			);
			productName = VisualIntelligenceEdgeHelper;
			productReference = F842DD81817AD52BB75CE20E /* VisualIntelligenceEdgeHelper.app */;
			productType = "com.apple.product-type.application";
		};
/* End PBXNativeTarget section */

/* Begin PBXProject section */
		3BF4E395774127FC7616EF12 /* Project object */ = {
			isa = PBXProject;
			attributes = {
				BuildIndependentTargetsInParallel = YES;
				LastUpgradeCheck = 2600;
				TargetAttributes = {
					37EF435987B68CAE99C00722 = {
						ProvisioningStyle = Automatic;
					};
					A46470A83E84A28C6D6BCE47 = {
						ProvisioningStyle = Automatic;
					};
				};
			};
			buildConfigurationList = 799AB44E63184CE8DB83B3BC /* Build configuration list for PBXProject "VisualIntelligenceMac" */;
			compatibilityVersion = "Xcode 14.0";
			developmentRegion = en;
			hasScannedForEncodings = 0;
			knownRegions = (
				Base,
				en,
			);
			mainGroup = AC4DC173A4264DEF8EE0A5F5;
			minimizedProjectReferenceProxies = 1;
			packageReferences = (
				4BCC0278A2D8681E83B9FDBD /* XCRemoteSwiftPackageReference "Know-Maps" */,
				797DAD5B376153F260E70756 /* XCLocalSwiftPackageReference "../DiverKit" */,
				E75FC4F6079E381ABB1AACA9 /* XCLocalSwiftPackageReference "../DiverShared" */,
			);
			projectDirPath = "";
			projectRoot = "";
			targets = (
				A46470A83E84A28C6D6BCE47 /* VisualIntelligenceEdgeHelper */,
				37EF435987B68CAE99C00722 /* VisualIntelligenceMac */,
			);
		};
/* End PBXProject section */

/* Begin PBXResourcesBuildPhase section */
		54E2A50B7DD5F73C5BBB41B2 /* Resources */ = {
			isa = PBXResourcesBuildPhase;
			buildActionMask = 2147483647;
			files = (
				7F21F77228BDB911D847A6EB /* Assets.xcassets in Resources */,
				BFD1B0EE82EDD6F69B3F73EE /* VisualIntelligenceEdgeHelper.app in Resources */,
			);
			runOnlyForDeploymentPostprocessing = 0;
		};
/* End PBXResourcesBuildPhase section */

/* Begin PBXSourcesBuildPhase section */
		DBDD228637895B88E433365B /* Sources */ = {
			isa = PBXSourcesBuildPhase;
			buildActionMask = 2147483647;
			files = (
				5EC218B6FE753865CC203C5B /* EdgeNodeInstallService.swift in Sources */,
				54AA860865FCDDE2DCE814B4 /* EdgeNodeOnboardingView.swift in Sources */,
				C51766C698601329C1BC61EE /* KnowMapsModels_Mac.swift in Sources */,
				27D493199A380BEAF86083A3 /* MacAppCommands.swift in Sources */,
				379B43E65B46A564F526E281 /* MacContentView.swift in Sources */,
				D04D03132FB102C5E0229DE6 /* MacIngestionService.swift in Sources */,
				CFF9773D1F582F3D823A8801 /* MacSettingsView.swift in Sources */,
				1D393457885C6EBF5FC2BAA9 /* VisualIntelligenceMacApp.swift in Sources */,
			);
			runOnlyForDeploymentPostprocessing = 0;
		};
		F69D2D23DAE0287D1445EE23 /* Sources */ = {
			isa = PBXSourcesBuildPhase;
			buildActionMask = 2147483647;
			files = (
				C0C9BF13C22D292AE3921810 /* EdgeDaemonApp.swift in Sources */,
			);
			runOnlyForDeploymentPostprocessing = 0;
		};
/* End PBXSourcesBuildPhase section */

/* Begin PBXTargetDependency section */
		EA94A8D9E7C8B48A6F0D04FB /* PBXTargetDependency */ = {
			isa = PBXTargetDependency;
			target = A46470A83E84A28C6D6BCE47 /* VisualIntelligenceEdgeHelper */;
			targetProxy = D872CE2B9F87743154C6FD74 /* PBXContainerItemProxy */;
		};
/* End PBXTargetDependency section */

/* Begin XCBuildConfiguration section */
		02DA95F9B7D8C5FC35228FAB /* Release */ = {
			isa = XCBuildConfiguration;
			buildSettings = {
				ALWAYS_SEARCH_USER_PATHS = NO;
				CLANG_ANALYZER_NONNULL = YES;
				CLANG_ANALYZER_NUMBER_OBJECT_CONVERSION = YES_AGGRESSIVE;
				CLANG_CXX_LANGUAGE_STANDARD = "gnu++14";
				CLANG_CXX_LIBRARY = "libc++";
				CLANG_ENABLE_MODULES = YES;
				CLANG_ENABLE_OBJC_ARC = YES;
				CLANG_ENABLE_OBJC_WEAK = YES;
				CLANG_WARN_BLOCK_CAPTURE_AUTORELEASING = YES;
				CLANG_WARN_BOOL_CONVERSION = YES;
				CLANG_WARN_COMMA = YES;
				CLANG_WARN_CONSTANT_CONVERSION = YES;
				CLANG_WARN_DEPRECATED_OBJC_IMPLEMENTATIONS = YES;
				CLANG_WARN_DIRECT_OBJC_ISA_USAGE = YES_ERROR;
				CLANG_WARN_DOCUMENTATION_COMMENTS = YES;
				CLANG_WARN_EMPTY_BODY = YES;
				CLANG_WARN_ENUM_CONVERSION = YES;
				CLANG_WARN_INFINITE_RECURSION = YES;
				CLANG_WARN_INT_CONVERSION = YES;
				CLANG_WARN_NON_LITERAL_NULL_CONVERSION = YES;
				CLANG_WARN_OBJC_IMPLICIT_RETAIN_SELF = YES;
				CLANG_WARN_OBJC_LITERAL_CONVERSION = YES;
				CLANG_WARN_OBJC_ROOT_CLASS = YES_ERROR;
				CLANG_WARN_QUOTED_INCLUDE_IN_FRAMEWORK_HEADER = YES;
				CLANG_WARN_RANGE_LOOP_ANALYSIS = YES;
				CLANG_WARN_STRICT_PROTOTYPES = YES;
				CLANG_WARN_SUSPICIOUS_MOVE = YES;
				CLANG_WARN_UNGUARDED_AVAILABILITY = YES_AGGRESSIVE;
				CLANG_WARN_UNREACHABLE_CODE = YES;
				CLANG_WARN__DUPLICATE_METHOD_MATCH = YES;
				COPY_PHASE_STRIP = NO;
				DEBUG_INFORMATION_FORMAT = "dwarf-with-dsym";
				ENABLE_NS_ASSERTIONS = NO;
				ENABLE_STRICT_OBJC_MSGSEND = YES;
				GCC_C_LANGUAGE_STANDARD = gnu11;
				GCC_NO_COMMON_BLOCKS = YES;
				GCC_WARN_64_TO_32_BIT_CONVERSION = YES;
				GCC_WARN_ABOUT_RETURN_TYPE = YES_ERROR;
				GCC_WARN_UNDECLARED_SELECTOR = YES;
				GCC_WARN_UNINITIALIZED_AUTOS = YES_AGGRESSIVE;
				GCC_WARN_UNUSED_FUNCTION = YES;
				GCC_WARN_UNUSED_VARIABLE = YES;
				MACOSX_DEPLOYMENT_TARGET = 26.0;
				MTL_ENABLE_DEBUG_INFO = NO;
				MTL_FAST_MATH = YES;
				PRODUCT_NAME = "$(TARGET_NAME)";
				SDKROOT = macosx;
				SWIFT_COMPILATION_MODE = wholemodule;
				SWIFT_OPTIMIZATION_LEVEL = "-O";
				SWIFT_VERSION = 5.0;
			};
			name = Release;
		};
		10B6143CD32ABCBAC1E967CF /* Release */ = {
			isa = XCBuildConfiguration;
			buildSettings = {
				ASSETCATALOG_COMPILER_APPICON_NAME = AppIcon;
				CODE_SIGN_ENTITLEMENTS = ../EdgeDaemon/EdgeDaemon.entitlements;
				CODE_SIGN_STYLE = Automatic;
				COMBINE_HIDPI_IMAGES = YES;
				DEVELOPMENT_TEAM = 23264QUM9A;
				ENABLE_HARDENED_RUNTIME = YES;
				INFOPLIST_FILE = ../EdgeDaemon/Info.plist;
				LD_RUNPATH_SEARCH_PATHS = (
					"$(inherited)",
					"@executable_path/../Frameworks",
				);
				MACOSX_DEPLOYMENT_TARGET = 26.0;
				PRODUCT_BUNDLE_IDENTIFIER = com.secretatomics.visualintelligence.mac.edgenode.helper;
				PRODUCT_NAME = VisualIntelligenceEdgeHelper;
				SDKROOT = macosx;
				SKIP_INSTALL = YES;
				SWIFT_STRICT_CONCURRENCY = complete;
				SWIFT_VERSION = 6.0;
			};
			name = Release;
		};
		36877FAAEF1F78AAD0B9730B /* Debug */ = {
			isa = XCBuildConfiguration;
			buildSettings = {
				ASSETCATALOG_COMPILER_APPICON_NAME = AppIcon;
				CODE_SIGN_ENTITLEMENTS = VisualIntelligenceMac.entitlements;
				CODE_SIGN_STYLE = Automatic;
				COMBINE_HIDPI_IMAGES = YES;
				DEVELOPMENT_TEAM = 23264QUM9A;
				ENABLE_HARDENED_RUNTIME = YES;
				INFOPLIST_FILE = Info.plist;
				LD_RUNPATH_SEARCH_PATHS = (
					"$(inherited)",
					"@executable_path/../Frameworks",
				);
				MACOSX_DEPLOYMENT_TARGET = 26.0;
				PRODUCT_BUNDLE_IDENTIFIER = com.secretatomics.visualintelligence.mac;
				PRODUCT_NAME = "Visual Intelligence";
				SDKROOT = macosx;
				SWIFT_STRICT_CONCURRENCY = complete;
				SWIFT_VERSION = 6.0;
			};
			name = Debug;
		};
		3B3EDED8E823418FC036B787 /* Debug */ = {
			isa = XCBuildConfiguration;
			buildSettings = {
				ASSETCATALOG_COMPILER_APPICON_NAME = AppIcon;
				CODE_SIGN_ENTITLEMENTS = ../EdgeDaemon/EdgeDaemon.entitlements;
				CODE_SIGN_STYLE = Automatic;
				COMBINE_HIDPI_IMAGES = YES;
				DEVELOPMENT_TEAM = 23264QUM9A;
				ENABLE_HARDENED_RUNTIME = YES;
				INFOPLIST_FILE = ../EdgeDaemon/Info.plist;
				LD_RUNPATH_SEARCH_PATHS = (
					"$(inherited)",
					"@executable_path/../Frameworks",
				);
				MACOSX_DEPLOYMENT_TARGET = 26.0;
				PRODUCT_BUNDLE_IDENTIFIER = com.secretatomics.visualintelligence.mac.edgenode.helper;
				PRODUCT_NAME = VisualIntelligenceEdgeHelper;
				SDKROOT = macosx;
				SKIP_INSTALL = YES;
				SWIFT_STRICT_CONCURRENCY = complete;
				SWIFT_VERSION = 6.0;
			};
			name = Debug;
		};
		64714ADB5898F9AF867D4A89 /* Release */ = {
			isa = XCBuildConfiguration;
			buildSettings = {
				ASSETCATALOG_COMPILER_APPICON_NAME = AppIcon;
				CODE_SIGN_ENTITLEMENTS = VisualIntelligenceMac.entitlements;
				CODE_SIGN_STYLE = Automatic;
				COMBINE_HIDPI_IMAGES = YES;
				DEVELOPMENT_TEAM = 23264QUM9A;
				ENABLE_HARDENED_RUNTIME = YES;
				INFOPLIST_FILE = Info.plist;
				LD_RUNPATH_SEARCH_PATHS = (
					"$(inherited)",
					"@executable_path/../Frameworks",
				);
				MACOSX_DEPLOYMENT_TARGET = 26.0;
				PRODUCT_BUNDLE_IDENTIFIER = com.secretatomics.visualintelligence.mac;
				PRODUCT_NAME = "Visual Intelligence";
				SDKROOT = macosx;
				SWIFT_STRICT_CONCURRENCY = complete;
				SWIFT_VERSION = 6.0;
			};
			name = Release;
		};
		F471F102B7601B6BF96140E2 /* Debug */ = {
			isa = XCBuildConfiguration;
			buildSettings = {
				ALWAYS_SEARCH_USER_PATHS = NO;
				CLANG_ANALYZER_NONNULL = YES;
				CLANG_ANALYZER_NUMBER_OBJECT_CONVERSION = YES_AGGRESSIVE;
				CLANG_CXX_LANGUAGE_STANDARD = "gnu++14";
				CLANG_CXX_LIBRARY = "libc++";
				CLANG_ENABLE_MODULES = YES;
				CLANG_ENABLE_OBJC_ARC = YES;
				CLANG_ENABLE_OBJC_WEAK = YES;
				CLANG_WARN_BLOCK_CAPTURE_AUTORELEASING = YES;
				CLANG_WARN_BOOL_CONVERSION = YES;
				CLANG_WARN_COMMA = YES;
				CLANG_WARN_CONSTANT_CONVERSION = YES;
				CLANG_WARN_DEPRECATED_OBJC_IMPLEMENTATIONS = YES;
				CLANG_WARN_DIRECT_OBJC_ISA_USAGE = YES_ERROR;
				CLANG_WARN_DOCUMENTATION_COMMENTS = YES;
				CLANG_WARN_EMPTY_BODY = YES;
				CLANG_WARN_ENUM_CONVERSION = YES;
				CLANG_WARN_INFINITE_RECURSION = YES;
				CLANG_WARN_INT_CONVERSION = YES;
				CLANG_WARN_NON_LITERAL_NULL_CONVERSION = YES;
				CLANG_WARN_OBJC_IMPLICIT_RETAIN_SELF = YES;
				CLANG_WARN_OBJC_LITERAL_CONVERSION = YES;
				CLANG_WARN_OBJC_ROOT_CLASS = YES_ERROR;
				CLANG_WARN_QUOTED_INCLUDE_IN_FRAMEWORK_HEADER = YES;
				CLANG_WARN_RANGE_LOOP_ANALYSIS = YES;
				CLANG_WARN_STRICT_PROTOTYPES = YES;
				CLANG_WARN_SUSPICIOUS_MOVE = YES;
				CLANG_WARN_UNGUARDED_AVAILABILITY = YES_AGGRESSIVE;
				CLANG_WARN_UNREACHABLE_CODE = YES;
				CLANG_WARN__DUPLICATE_METHOD_MATCH = YES;
				COPY_PHASE_STRIP = NO;
				DEBUG_INFORMATION_FORMAT = dwarf;
				ENABLE_STRICT_OBJC_MSGSEND = YES;
				ENABLE_TESTABILITY = YES;
				GCC_C_LANGUAGE_STANDARD = gnu11;
				GCC_DYNAMIC_NO_PIC = NO;
				GCC_NO_COMMON_BLOCKS = YES;
				GCC_OPTIMIZATION_LEVEL = 0;
				GCC_PREPROCESSOR_DEFINITIONS = (
					"$(inherited)",
					"DEBUG=1",
				);
				GCC_WARN_64_TO_32_BIT_CONVERSION = YES;
				GCC_WARN_ABOUT_RETURN_TYPE = YES_ERROR;
				GCC_WARN_UNDECLARED_SELECTOR = YES;
				GCC_WARN_UNINITIALIZED_AUTOS = YES_AGGRESSIVE;
				GCC_WARN_UNUSED_FUNCTION = YES;
				GCC_WARN_UNUSED_VARIABLE = YES;
				MACOSX_DEPLOYMENT_TARGET = 26.0;
				MTL_ENABLE_DEBUG_INFO = INCLUDE_SOURCE;
				MTL_FAST_MATH = YES;
				ONLY_ACTIVE_ARCH = YES;
				PRODUCT_NAME = "$(TARGET_NAME)";
				SDKROOT = macosx;
				SWIFT_ACTIVE_COMPILATION_CONDITIONS = DEBUG;
				SWIFT_OPTIMIZATION_LEVEL = "-Onone";
				SWIFT_VERSION = 5.0;
			};
			name = Debug;
		};
/* End XCBuildConfiguration section */

/* Begin XCConfigurationList section */
		799AB44E63184CE8DB83B3BC /* Build configuration list for PBXProject "VisualIntelligenceMac" */ = {
			isa = XCConfigurationList;
			buildConfigurations = (
				F471F102B7601B6BF96140E2 /* Debug */,
				02DA95F9B7D8C5FC35228FAB /* Release */,
			);
			defaultConfigurationIsVisible = 0;
			defaultConfigurationName = Debug;
		};
		AE2DB298242DEB0BA05A0DCB /* Build configuration list for PBXNativeTarget "VisualIntelligenceMac" */ = {
			isa = XCConfigurationList;
			buildConfigurations = (
				36877FAAEF1F78AAD0B9730B /* Debug */,
				64714ADB5898F9AF867D4A89 /* Release */,
			);
			defaultConfigurationIsVisible = 0;
			defaultConfigurationName = Debug;
		};
		FBFB7BC94E1B51C87908D9DB /* Build configuration list for PBXNativeTarget "VisualIntelligenceEdgeHelper" */ = {
			isa = XCConfigurationList;
			buildConfigurations = (
				3B3EDED8E823418FC036B787 /* Debug */,
				10B6143CD32ABCBAC1E967CF /* Release */,
			);
			defaultConfigurationIsVisible = 0;
			defaultConfigurationName = Debug;
		};
/* End XCConfigurationList section */

/* Begin XCLocalSwiftPackageReference section */
		797DAD5B376153F260E70756 /* XCLocalSwiftPackageReference "../DiverKit" */ = {
			isa = XCLocalSwiftPackageReference;
			relativePath = ../DiverKit;
		};
		E75FC4F6079E381ABB1AACA9 /* XCLocalSwiftPackageReference "../DiverShared" */ = {
			isa = XCLocalSwiftPackageReference;
			relativePath = ../DiverShared;
		};
/* End XCLocalSwiftPackageReference section */

/* Begin XCRemoteSwiftPackageReference section */
		4BCC0278A2D8681E83B9FDBD /* XCRemoteSwiftPackageReference "Know-Maps" */ = {
			isa = XCRemoteSwiftPackageReference;
			repositoryURL = "https://github.com/voxels/Know-Maps.git";
			requirement = {
				branch = main;
				kind = branch;
			};
		};
/* End XCRemoteSwiftPackageReference section */

/* Begin XCSwiftPackageProductDependency section */
		342672D5EF37E5B9E36FA2AF /* DiverShared */ = {
			isa = XCSwiftPackageProductDependency;
			productName = DiverShared;
		};
		54707156AA1B6D50A3E25A4D /* DiverKit */ = {
			isa = XCSwiftPackageProductDependency;
			productName = DiverKit;
		};
		5B609EED3F25F7EA8321B32F /* DiverKit */ = {
			isa = XCSwiftPackageProductDependency;
			productName = DiverKit;
		};
		E0C74270DEF6055306D13649 /* DiverShared */ = {
			isa = XCSwiftPackageProductDependency;
			productName = DiverShared;
		};
/* End XCSwiftPackageProductDependency section */
	};
	rootObject = 3BF4E395774127FC7616EF12 /* Project object */;
}
